{
  "name": "nlp",
  "lockfileVersion": 2,
  "requires": true,
  "packages": {
    "": {
      "dependencies": {
        "nlp-js-tools-french": "^1.0.9"
      }
    },
    "node_modules/lodash": {
      "version": "4.17.21",
      "resolved": "https://registry.npmjs.org/lodash/-/lodash-4.17.21.tgz",
      "integrity": "sha512-v2kDEe57lecTulaDIuNTPy3Ry4gLGJ6Z1O3vE1krgXZNrsQ+LFTGHVxVjcXPs17LhbZVGedAJv8XZ1tvj5FvSg=="
    },
    "node_modules/nlp-js-tools-french": {
      "version": "1.0.9",
      "resolved": "https://registry.npmjs.org/nlp-js-tools-french/-/nlp-js-tools-french-1.0.9.tgz",
      "integrity": "sha512-57knykH2PviKBVxUTSiUQQHG5T9UTEJBNd4VqkMIeveEpUjf076CRNW/I+lkknxz8ZuuY92/nFMS5AhRXyMvaQ==",
      "dependencies": {
        "lodash": "^4.17.4"
      }
    }
  },
  "dependencies": {
    "lodash": {
      "version": "4.17.21",
      "resolved": "https://registry.npmjs.org/lodash/-/lodash-4.17.21.tgz",
      "integrity": "sha512-v2kDEe57lecTulaDIuNTPy3Ry4gLGJ6Z1O3vE1krgXZNrsQ+LFTGHVxVjcXPs17LhbZVGedAJv8XZ1tvj5FvSg=="
    },
    "nlp-js-tools-french": {
      "version": "1.0.9",
      "resolved": "https://registry.npmjs.org/nlp-js-tools-french/-/nlp-js-tools-french-1.0.9.tgz",
      "integrity": "sha512-57knykH2PviKBVxUTSiUQQHG5T9UTEJBNd4VqkMIeveEpUjf076CRNW/I+lkknxz8ZuuY92/nFMS5AhRXyMvaQ==",
      "requires": {
        "lodash": "^4.17.4"
      }
    }
  }
}
